// !$*UTF8*$!
{
	archiveVersion = 1;
	classes = {
	};
	objectVersion = 55;
	objects = {

/* Begin PBXBuildFile section */
		F9B3F842285DE8D400849332 /* AppDelegate.swift in Sources */ = {isa = PBXBuildFile; fileRef = F9B3F841285DE8D400849332 /* AppDelegate.swift */; };
		F9B3F846285DE8D400849332 /* HeadlinesVC.swift in Sources */ = {isa = PBXBuildFile; fileRef = F9B3F845285DE8D400849332 /* HeadlinesVC.swift */; };
		F9B3F849285DE8D400849332 /* Main.storyboard in Resources */ = {isa = PBXBuildFile; fileRef = F9B3F847285DE8D400849332 /* Main.storyboard */; };
		F9B3F84B285DE8D500849332 /* Assets.xcassets in Resources */ = {isa = PBXBuildFile; fileRef = F9B3F84A285DE8D500849332 /* Assets.xcassets */; };
		F9B3F84E285DE8D500849332 /* LaunchScreen.storyboard in Resources */ = {isa = PBXBuildFile; fileRef = F9B3F84C285DE8D500849332 /* LaunchScreen.storyboard */; };
		F9B3F85F285E302400849332 /* HeadlinesRouter.swift in Sources */ = {isa = PBXBuildFile; fileRef = F9B3F85E285E302400849332 /* HeadlinesRouter.swift */; };
		F9B3F861285E306B00849332 /* HeadlinesPresenter.swift in Sources */ = {isa = PBXBuildFile; fileRef = F9B3F860285E306B00849332 /* HeadlinesPresenter.swift */; };
		F9B3F863285E309700849332 /* HeadlinesInteractor.swift in Sources */ = {isa = PBXBuildFile; fileRef = F9B3F862285E309700849332 /* HeadlinesInteractor.swift */; };
		F9B3F866285E386200849332 /* HeadlinesProtocol.swift in Sources */ = {isa = PBXBuildFile; fileRef = F9B3F865285E386200849332 /* HeadlinesProtocol.swift */; };
		F9B3F868285E5D9200849332 /* Constants.swift in Sources */ = {isa = PBXBuildFile; fileRef = F9B3F867285E5D9200849332 /* Constants.swift */; };
		F9B3F86A285E5F7200849332 /* ResponseModel.swift in Sources */ = {isa = PBXBuildFile; fileRef = F9B3F869285E5F7200849332 /* ResponseModel.swift */; };
		F9B3F86C285E5F7D00849332 /* HeadlinesModel.swift in Sources */ = {isa = PBXBuildFile; fileRef = F9B3F86B285E5F7D00849332 /* HeadlinesModel.swift */; };
		F9BA5DB2285F1082002DF10A /* UIView+Extension.swift in Sources */ = {isa = PBXBuildFile; fileRef = F9BA5DB0285F1082002DF10A /* UIView+Extension.swift */; };
		F9BA5DB6285F1554002DF10A /* HeadlineCell.swift in Sources */ = {isa = PBXBuildFile; fileRef = F9BA5DB5285F1554002DF10A /* HeadlineCell.swift */; };
		F9BA5DB8285F460A002DF10A /* Colors.xcassets in Resources */ = {isa = PBXBuildFile; fileRef = F9BA5DB7285F460A002DF10A /* Colors.xcassets */; };
		F9BA5DBB285F49B7002DF10A /* Kingfisher in Frameworks */ = {isa = PBXBuildFile; productRef = F9BA5DBA285F49B7002DF10A /* Kingfisher */; };
		F9BA5DBD285F49EF002DF10A /* UIImageView+Extension.swift in Sources */ = {isa = PBXBuildFile; fileRef = F9BA5DBC285F49EF002DF10A /* UIImageView+Extension.swift */; };
		F9BA5DBF285F4EA4002DF10A /* WebServiceManager.swift in Sources */ = {isa = PBXBuildFile; fileRef = F9BA5DBE285F4EA4002DF10A /* WebServiceManager.swift */; };
		F9BA5DC2285F67CD002DF10A /* Localizable.strings in Resources */ = {isa = PBXBuildFile; fileRef = F9BA5DC4285F67CD002DF10A /* Localizable.strings */; };
		F9BA5DCA285F7C3B002DF10A /* LoadingView.swift in Sources */ = {isa = PBXBuildFile; fileRef = F9BA5DC8285F7C3A002DF10A /* LoadingView.swift */; };
		F9BA5DCB285F7C3B002DF10A /* LoadingView.xib in Resources */ = {isa = PBXBuildFile; fileRef = F9BA5DC9285F7C3B002DF10A /* LoadingView.xib */; };
		F9BA5DCD285F8C1B002DF10A /* NewsDetailVC.swift in Sources */ = {isa = PBXBuildFile; fileRef = F9BA5DCC285F8C1B002DF10A /* NewsDetailVC.swift */; };
		F9DE93302860AA9D00584C3E /* NewsDetailRouter.swift in Sources */ = {isa = PBXBuildFile; fileRef = F9DE932F2860AA9D00584C3E /* NewsDetailRouter.swift */; };
		F9DE93332860AAF000584C3E /* NewsDetailProtocol.swift in Sources */ = {isa = PBXBuildFile; fileRef = F9DE93322860AAF000584C3E /* NewsDetailProtocol.swift */; };
		F9DE93362860BAD500584C3E /* NewsDetailPresenter.swift in Sources */ = {isa = PBXBuildFile; fileRef = F9DE93352860BAD500584C3E /* NewsDetailPresenter.swift */; };
/* End PBXBuildFile section */

/* Begin PBXFileReference section */
		F9B3F83E285DE8D400849332 /* VIPER.app */ = {isa = PBXFileReference; explicitFileType = wrapper.application; includeInIndex = 0; path = VIPER.app; sourceTree = BUILT_PRODUCTS_DIR; };
		F9B3F841285DE8D400849332 /* AppDelegate.swift */ = {isa = PBXFileReference; lastKnownFileType = sourcecode.swift; path = AppDelegate.swift; sourceTree = "<group>"; };
		F9B3F845285DE8D400849332 /* HeadlinesVC.swift */ = {isa = PBXFileReference; lastKnownFileType = sourcecode.swift; path = HeadlinesVC.swift; sourceTree = "<group>"; };
		F9B3F848285DE8D400849332 /* Base */ = {isa = PBXFileReference; lastKnownFileType = file.storyboard; name = Base; path = Base.lproj/Main.storyboard; sourceTree = "<group>"; };
		F9B3F84A285DE8D500849332 /* Assets.xcassets */ = {isa = PBXFileReference; lastKnownFileType = folder.assetcatalog; path = Assets.xcassets; sourceTree = "<group>"; };
		F9B3F84D285DE8D500849332 /* Base */ = {isa = PBXFileReference; lastKnownFileType = file.storyboard; name = Base; path = Base.lproj/LaunchScreen.storyboard; sourceTree = "<group>"; };
		F9B3F84F285DE8D500849332 /* Info.plist */ = {isa = PBXFileReference; lastKnownFileType = text.plist.xml; path = Info.plist; sourceTree = "<group>"; };
		F9B3F85E285E302400849332 /* HeadlinesRouter.swift */ = {isa = PBXFileReference; lastKnownFileType = sourcecode.swift; path = HeadlinesRouter.swift; sourceTree = "<group>"; };
		F9B3F860285E306B00849332 /* HeadlinesPresenter.swift */ = {isa = PBXFileReference; lastKnownFileType = sourcecode.swift; path = HeadlinesPresenter.swift; sourceTree = "<group>"; };
		F9B3F862285E309700849332 /* HeadlinesInteractor.swift */ = {isa = PBXFileReference; lastKnownFileType = sourcecode.swift; path = HeadlinesInteractor.swift; sourceTree = "<group>"; };
		F9B3F865285E386200849332 /* HeadlinesProtocol.swift */ = {isa = PBXFileReference; lastKnownFileType = sourcecode.swift; path = HeadlinesProtocol.swift; sourceTree = "<group>"; };
		F9B3F867285E5D9200849332 /* Constants.swift */ = {isa = PBXFileReference; lastKnownFileType = sourcecode.swift; path = Constants.swift; sourceTree = "<group>"; };
		F9B3F869285E5F7200849332 /* ResponseModel.swift */ = {isa = PBXFileReference; lastKnownFileType = sourcecode.swift; path = ResponseModel.swift; sourceTree = "<group>"; };
		F9B3F86B285E5F7D00849332 /* HeadlinesModel.swift */ = {isa = PBXFileReference; lastKnownFileType = sourcecode.swift; path = HeadlinesModel.swift; sourceTree = "<group>"; };
		F9BA5DB0285F1082002DF10A /* UIView+Extension.swift */ = {isa = PBXFileReference; fileEncoding = 4; lastKnownFileType = sourcecode.swift; path = "UIView+Extension.swift"; sourceTree = "<group>"; };
		F9BA5DB5285F1554002DF10A /* HeadlineCell.swift */ = {isa = PBXFileReference; lastKnownFileType = sourcecode.swift; path = HeadlineCell.swift; sourceTree = "<group>"; };
		F9BA5DB7285F460A002DF10A /* Colors.xcassets */ = {isa = PBXFileReference; lastKnownFileType = folder.assetcatalog; path = Colors.xcassets; sourceTree = "<group>"; };
		F9BA5DBC285F49EF002DF10A /* UIImageView+Extension.swift */ = {isa = PBXFileReference; fileEncoding = 4; lastKnownFileType = sourcecode.swift; path = "UIImageView+Extension.swift"; sourceTree = "<group>"; };
		F9BA5DBE285F4EA4002DF10A /* WebServiceManager.swift */ = {isa = PBXFileReference; lastKnownFileType = sourcecode.swift; path = WebServiceManager.swift; sourceTree = "<group>"; };
		F9BA5DC3285F67CD002DF10A /* en */ = {isa = PBXFileReference; lastKnownFileType = text.plist.strings; name = en; path = en.lproj/Localizable.strings; sourceTree = "<group>"; };
		F9BA5DC5285F683D002DF10A /* hi */ = {isa = PBXFileReference; lastKnownFileType = text.plist.strings; name = hi; path = hi.lproj/Localizable.strings; sourceTree = "<group>"; };
		F9BA5DC6285F688A002DF10A /* gu-IN */ = {isa = PBXFileReference; lastKnownFileType = text.plist.strings; name = "gu-IN"; path = "gu-IN.lproj/Localizable.strings"; sourceTree = "<group>"; };
		F9BA5DC8285F7C3A002DF10A /* LoadingView.swift */ = {isa = PBXFileReference; fileEncoding = 4; lastKnownFileType = sourcecode.swift; path = LoadingView.swift; sourceTree = "<group>"; };
		F9BA5DC9285F7C3B002DF10A /* LoadingView.xib */ = {isa = PBXFileReference; fileEncoding = 4; lastKnownFileType = file.xib; path = LoadingView.xib; sourceTree = "<group>"; };
		F9BA5DCC285F8C1B002DF10A /* NewsDetailVC.swift */ = {isa = PBXFileReference; lastKnownFileType = sourcecode.swift; path = NewsDetailVC.swift; sourceTree = "<group>"; };
		F9DE932F2860AA9D00584C3E /* NewsDetailRouter.swift */ = {isa = PBXFileReference; fileEncoding = 4; lastKnownFileType = sourcecode.swift; path = NewsDetailRouter.swift; sourceTree = "<group>"; };
		F9DE93322860AAF000584C3E /* NewsDetailProtocol.swift */ = {isa = PBXFileReference; fileEncoding = 4; lastKnownFileType = sourcecode.swift; path = NewsDetailProtocol.swift; sourceTree = "<group>"; };
		F9DE93352860BAD500584C3E /* NewsDetailPresenter.swift */ = {isa = PBXFileReference; lastKnownFileType = sourcecode.swift; path = NewsDetailPresenter.swift; sourceTree = "<group>"; };
/* End PBXFileReference section */

/* Begin PBXFrameworksBuildPhase section */
		F9B3F83B285DE8D400849332 /* Frameworks */ = {
			isa = PBXFrameworksBuildPhase;
			buildActionMask = 2147483647;
			files = (
				F9BA5DBB285F49B7002DF10A /* Kingfisher in Frameworks */,
			);
			runOnlyForDeploymentPostprocessing = 0;
		};
/* End PBXFrameworksBuildPhase section */

/* Begin PBXGroup section */
		F9B3F835285DE8D400849332 = {
			isa = PBXGroup;
			children = (
				F9B3F840285DE8D400849332 /* VIPER */,
				F9B3F83F285DE8D400849332 /* Products */,
			);
			sourceTree = "<group>";
		};
		F9B3F83F285DE8D400849332 /* Products */ = {
			isa = PBXGroup;
			children = (
				F9B3F83E285DE8D400849332 /* VIPER.app */,
			);
			name = Products;
			sourceTree = "<group>";
		};
		F9B3F840285DE8D400849332 /* VIPER */ = {
			isa = PBXGroup;
			children = (
				F9B3F847285DE8D400849332 /* Main.storyboard */,
				F9B3F84C285DE8D500849332 /* LaunchScreen.storyboard */,
				F9BA5DC7285F7C1E002DF10A /* LoadingView */,
				F9B3F855285E112400849332 /* Common */,
				F9B3F856285E11C300849332 /* Headlines */,
				F9DE932C2860A77E00584C3E /* NewsDetail */,
				F9BA5DAE285F104D002DF10A /* Extension */,
				F9B3F84A285DE8D500849332 /* Assets.xcassets */,
				F9BA5DB7285F460A002DF10A /* Colors.xcassets */,
				F9B3F84F285DE8D500849332 /* Info.plist */,
				F9BA5DC4285F67CD002DF10A /* Localizable.strings */,
			);
			path = VIPER;
			sourceTree = "<group>";
		};
		F9B3F855285E112400849332 /* Common */ = {
			isa = PBXGroup;
			children = (
				F9B3F841285DE8D400849332 /* AppDelegate.swift */,
				F9B3F867285E5D9200849332 /* Constants.swift */,
				F9BA5DBE285F4EA4002DF10A /* WebServiceManager.swift */,
			);
			path = Common;
			sourceTree = "<group>";
		};
		F9B3F856285E11C300849332 /* Headlines */ = {
			isa = PBXGroup;
			children = (
				F9B3F857285E161000849332 /* View */,
				F9B3F858285E161900849332 /* Interactor */,
				F9B3F859285E164D00849332 /* Presenter */,
				F9B3F85A285E166200849332 /* Entity */,
				F9B3F85B285E166600849332 /* Router */,
				F9B3F864285E328500849332 /* Protocols */,
			);
			path = Headlines;
			sourceTree = "<group>";
		};
		F9B3F857285E161000849332 /* View */ = {
			isa = PBXGroup;
			children = (
				F9BA5DB5285F1554002DF10A /* HeadlineCell.swift */,
				F9B3F845285DE8D400849332 /* HeadlinesVC.swift */,
			);
			path = View;
			sourceTree = "<group>";
		};
		F9B3F858285E161900849332 /* Interactor */ = {
			isa = PBXGroup;
			children = (
				F9B3F862285E309700849332 /* HeadlinesInteractor.swift */,
			);
			path = Interactor;
			sourceTree = "<group>";
		};
		F9B3F859285E164D00849332 /* Presenter */ = {
			isa = PBXGroup;
			children = (
				F9B3F860285E306B00849332 /* HeadlinesPresenter.swift */,
			);
			path = Presenter;
			sourceTree = "<group>";
		};
		F9B3F85A285E166200849332 /* Entity */ = {
			isa = PBXGroup;
			children = (
				F9B3F869285E5F7200849332 /* ResponseModel.swift */,
				F9B3F86B285E5F7D00849332 /* HeadlinesModel.swift */,
			);
			path = Entity;
			sourceTree = "<group>";
		};
		F9B3F85B285E166600849332 /* Router */ = {
			isa = PBXGroup;
			children = (
				F9B3F85E285E302400849332 /* HeadlinesRouter.swift */,
			);
			path = Router;
			sourceTree = "<group>";
		};
		F9B3F864285E328500849332 /* Protocols */ = {
			isa = PBXGroup;
			children = (
				F9B3F865285E386200849332 /* HeadlinesProtocol.swift */,
			);
			path = Protocols;
			sourceTree = "<group>";
		};
		F9BA5DAE285F104D002DF10A /* Extension */ = {
			isa = PBXGroup;
			children = (
				F9BA5DB0285F1082002DF10A /* UIView+Extension.swift */,
				F9BA5DBC285F49EF002DF10A /* UIImageView+Extension.swift */,
			);
			path = Extension;
			sourceTree = "<group>";
		};
		F9BA5DC7285F7C1E002DF10A /* LoadingView */ = {
			isa = PBXGroup;
			children = (
				F9BA5DC8285F7C3A002DF10A /* LoadingView.swift */,
				F9BA5DC9285F7C3B002DF10A /* LoadingView.xib */,
			);
			path = LoadingView;
			sourceTree = "<group>";
		};
		F9DE932C2860A77E00584C3E /* NewsDetail */ = {
			isa = PBXGroup;
			children = (
				F9DE932D2860A79B00584C3E /* View */,
				F9DE93342860BAB200584C3E /* Presenter */,
				F9DE932E2860AA9000584C3E /* Router */,
				F9DE93312860AAC400584C3E /* Protocols */,
			);
			path = NewsDetail;
			sourceTree = "<group>";
		};
		F9DE932D2860A79B00584C3E /* View */ = {
			isa = PBXGroup;
			children = (
				F9BA5DCC285F8C1B002DF10A /* NewsDetailVC.swift */,
			);
			path = View;
			sourceTree = "<group>";
		};
		F9DE932E2860AA9000584C3E /* Router */ = {
			isa = PBXGroup;
			children = (
				F9DE932F2860AA9D00584C3E /* NewsDetailRouter.swift */,
			);
			path = Router;
			sourceTree = "<group>";
		};
		F9DE93312860AAC400584C3E /* Protocols */ = {
			isa = PBXGroup;
			children = (
				F9DE93322860AAF000584C3E /* NewsDetailProtocol.swift */,
			);
			path = Protocols;
			sourceTree = "<group>";
		};
		F9DE93342860BAB200584C3E /* Presenter */ = {
			isa = PBXGroup;
			children = (
				F9DE93352860BAD500584C3E /* NewsDetailPresenter.swift */,
			);
			path = Presenter;
			sourceTree = "<group>";
		};
/* End PBXGroup section */

/* Begin PBXNativeTarget section */
		F9B3F83D285DE8D400849332 /* VIPER */ = {
			isa = PBXNativeTarget;
			buildConfigurationList = F9B3F852285DE8D500849332 /* Build configuration list for PBXNativeTarget "VIPER" */;
			buildPhases = (
				F9B3F83A285DE8D400849332 /* Sources */,
				F9B3F83B285DE8D400849332 /* Frameworks */,
				F9B3F83C285DE8D400849332 /* Resources */,
			);
			buildRules = (
			);
			dependencies = (
			);
			name = VIPER;
			packageProductDependencies = (
				F9BA5DBA285F49B7002DF10A /* Kingfisher */,
			);
			productName = VIPER;
			productReference = F9B3F83E285DE8D400849332 /* VIPER.app */;
			productType = "com.apple.product-type.application";
		};
/* End PBXNativeTarget section */

/* Begin PBXProject section */
		F9B3F836285DE8D400849332 /* Project object */ = {
			isa = PBXProject;
			attributes = {
				BuildIndependentTargetsInParallel = 1;
				LastSwiftUpdateCheck = 1330;
				LastUpgradeCheck = 1330;
				TargetAttributes = {
					F9B3F83D285DE8D400849332 = {
						CreatedOnToolsVersion = 13.3.1;
					};
				};
			};
			buildConfigurationList = F9B3F839285DE8D400849332 /* Build configuration list for PBXProject "VIPER" */;
			compatibilityVersion = "Xcode 13.0";
			developmentRegion = en;
			hasScannedForEncodings = 0;
			knownRegions = (
				en,
				Base,
				hi,
				"gu-IN",
			);
			mainGroup = F9B3F835285DE8D400849332;
			packageReferences = (
				F9BA5DB9285F49B7002DF10A /* XCRemoteSwiftPackageReference "Kingfisher" */,
			);
			productRefGroup = F9B3F83F285DE8D400849332 /* Products */;
			projectDirPath = "";
			projectRoot = "";
			targets = (
				F9B3F83D285DE8D400849332 /* VIPER */,
			);
		};
/* End PBXProject section */

/* Begin PBXResourcesBuildPhase section */
		F9B3F83C285DE8D400849332 /* Resources */ = {
			isa = PBXResourcesBuildPhase;
			buildActionMask = 2147483647;
			files = (
				F9BA5DC2285F67CD002DF10A /* Localizable.strings in Resources */,
				F9B3F84E285DE8D500849332 /* LaunchScreen.storyboard in Resources */,
				F9BA5DCB285F7C3B002DF10A /* LoadingView.xib in Resources */,
				F9BA5DB8285F460A002DF10A /* Colors.xcassets in Resources */,
				F9B3F84B285DE8D500849332 /* Assets.xcassets in Resources */,
				F9B3F849285DE8D400849332 /* Main.storyboard in Resources */,
			);
			runOnlyForDeploymentPostprocessing = 0;
		};
/* End PBXResourcesBuildPhase section */

/* Begin PBXSourcesBuildPhase section */
		F9B3F83A285DE8D400849332 /* Sources */ = {
			isa = PBXSourcesBuildPhase;
			buildActionMask = 2147483647;
			files = (
				F9BA5DB2285F1082002DF10A /* UIView+Extension.swift in Sources */,
				F9B3F861285E306B00849332 /* HeadlinesPresenter.swift in Sources */,
				F9DE93362860BAD500584C3E /* NewsDetailPresenter.swift in Sources */,
				F9B3F846285DE8D400849332 /* HeadlinesVC.swift in Sources */,
				F9B3F85F285E302400849332 /* HeadlinesRouter.swift in Sources */,
				F9B3F842285DE8D400849332 /* AppDelegate.swift in Sources */,
				F9BA5DB6285F1554002DF10A /* HeadlineCell.swift in Sources */,
				F9BA5DBD285F49EF002DF10A /* UIImageView+Extension.swift in Sources */,
				F9B3F868285E5D9200849332 /* Constants.swift in Sources */,
				F9B3F86C285E5F7D00849332 /* HeadlinesModel.swift in Sources */,
				F9B3F863285E309700849332 /* HeadlinesInteractor.swift in Sources */,
				F9BA5DCD285F8C1B002DF10A /* NewsDetailVC.swift in Sources */,
				F9BA5DCA285F7C3B002DF10A /* LoadingView.swift in Sources */,
				F9BA5DBF285F4EA4002DF10A /* WebServiceManager.swift in Sources */,
				F9B3F86A285E5F7200849332 /* ResponseModel.swift in Sources */,
				F9DE93302860AA9D00584C3E /* NewsDetailRouter.swift in Sources */,
				F9B3F866285E386200849332 /* HeadlinesProtocol.swift in Sources */,
				F9DE93332860AAF000584C3E /* NewsDetailProtocol.swift in Sources */,
			);
			runOnlyForDeploymentPostprocessing = 0;
		};
/* End PBXSourcesBuildPhase section */

/* Begin PBXVariantGroup section */
		F9B3F847285DE8D400849332 /* Main.storyboard */ = {
			isa = PBXVariantGroup;
			children = (
				F9B3F848285DE8D400849332 /* Base */,
			);
			name = Main.storyboard;
			sourceTree = "<group>";
		};
		F9B3F84C285DE8D500849332 /* LaunchScreen.storyboard */ = {
			isa = PBXVariantGroup;
			children = (
				F9B3F84D285DE8D500849332 /* Base */,
			);
			name = LaunchScreen.storyboard;
			sourceTree = "<group>";
		};
		F9BA5DC4285F67CD002DF10A /* Localizable.strings */ = {
			isa = PBXVariantGroup;
			children = (
				F9BA5DC3285F67CD002DF10A /* en */,
				F9BA5DC5285F683D002DF10A /* hi */,
				F9BA5DC6285F688A002DF10A /* gu-IN */,
			);
			name = Localizable.strings;
			sourceTree = "<group>";
		};
/* End PBXVariantGroup section */

/* Begin XCBuildConfiguration section */
		F9B3F850285DE8D500849332 /* Debug */ = {
			isa = XCBuildConfiguration;
			buildSettings = {
				ALWAYS_SEARCH_USER_PATHS = NO;
				CLANG_ANALYZER_LOCALIZABILITY_NONLOCALIZED = YES;
				CLANG_ANALYZER_NONNULL = YES;
				CLANG_ANALYZER_NUMBER_OBJECT_CONVERSION = YES_AGGRESSIVE;
				CLANG_CXX_LANGUAGE_STANDARD = "gnu++17";
				CLANG_ENABLE_MODULES = YES;
				CLANG_ENABLE_OBJC_ARC = YES;
				CLANG_ENABLE_OBJC_WEAK = YES;
				CLANG_WARN_BLOCK_CAPTURE_AUTORELEASING = YES;
				CLANG_WARN_BOOL_CONVERSION = YES;
				CLANG_WARN_COMMA = YES;
				CLANG_WARN_CONSTANT_CONVERSION = YES;
				CLANG_WARN_DEPRECATED_OBJC_IMPLEMENTATIONS = YES;
				CLANG_WARN_DIRECT_OBJC_ISA_USAGE = YES_ERROR;
				CLANG_WARN_DOCUMENTATION_COMMENTS = YES;
				CLANG_WARN_EMPTY_BODY = YES;
				CLANG_WARN_ENUM_CONVERSION = YES;
				CLANG_WARN_INFINITE_RECURSION = YES;
				CLANG_WARN_INT_CONVERSION = YES;
				CLANG_WARN_NON_LITERAL_NULL_CONVERSION = YES;
				CLANG_WARN_OBJC_IMPLICIT_RETAIN_SELF = YES;
				CLANG_WARN_OBJC_LITERAL_CONVERSION = YES;
				CLANG_WARN_OBJC_ROOT_CLASS = YES_ERROR;
				CLANG_WARN_QUOTED_INCLUDE_IN_FRAMEWORK_HEADER = YES;
				CLANG_WARN_RANGE_LOOP_ANALYSIS = YES;
				CLANG_WARN_STRICT_PROTOTYPES = YES;
				CLANG_WARN_SUSPICIOUS_MOVE = YES;
				CLANG_WARN_UNGUARDED_AVAILABILITY = YES_AGGRESSIVE;
				CLANG_WARN_UNREACHABLE_CODE = YES;
				CLANG_WARN__DUPLICATE_METHOD_MATCH = YES;
				COPY_PHASE_STRIP = NO;
				DEBUG_INFORMATION_FORMAT = dwarf;
				ENABLE_STRICT_OBJC_MSGSEND = YES;
				ENABLE_TESTABILITY = YES;
				GCC_C_LANGUAGE_STANDARD = gnu11;
				GCC_DYNAMIC_NO_PIC = NO;
				GCC_NO_COMMON_BLOCKS = YES;
				GCC_OPTIMIZATION_LEVEL = 0;
				GCC_PREPROCESSOR_DEFINITIONS = (
					"DEBUG=1",
					"$(inherited)",
				);
				GCC_WARN_64_TO_32_BIT_CONVERSION = YES;
				GCC_WARN_ABOUT_RETURN_TYPE = YES_ERROR;
				GCC_WARN_UNDECLARED_SELECTOR = YES;
				GCC_WARN_UNINITIALIZED_AUTOS = YES_AGGRESSIVE;
				GCC_WARN_UNUSED_FUNCTION = YES;
				GCC_WARN_UNUSED_VARIABLE = YES;
				IPHONEOS_DEPLOYMENT_TARGET = 15.4;
				MTL_ENABLE_DEBUG_INFO = INCLUDE_SOURCE;
				MTL_FAST_MATH = YES;
				ONLY_ACTIVE_ARCH = YES;
				SDKROOT = iphoneos;
				SWIFT_ACTIVE_COMPILATION_CONDITIONS = DEBUG;
				SWIFT_OPTIMIZATION_LEVEL = "-Onone";
			};
			name = Debug;
		};
		F9B3F851285DE8D500849332 /* Release */ = {
			isa = XCBuildConfiguration;
			buildSettings = {
				ALWAYS_SEARCH_USER_PATHS = NO;
				CLANG_ANALYZER_LOCALIZABILITY_NONLOCALIZED = YES;
				CLANG_ANALYZER_NONNULL = YES;
				CLANG_ANALYZER_NUMBER_OBJECT_CONVERSION = YES_AGGRESSIVE;
				CLANG_CXX_LANGUAGE_STANDARD = "gnu++17";
				CLANG_ENABLE_MODULES = YES;
				CLANG_ENABLE_OBJC_ARC = YES;
				CLANG_ENABLE_OBJC_WEAK = YES;
				CLANG_WARN_BLOCK_CAPTURE_AUTORELEASING = YES;
				CLANG_WARN_BOOL_CONVERSION = YES;
				CLANG_WARN_COMMA = YES;
				CLANG_WARN_CONSTANT_CONVERSION = YES;
				CLANG_WARN_DEPRECATED_OBJC_IMPLEMENTATIONS = YES;
				CLANG_WARN_DIRECT_OBJC_ISA_USAGE = YES_ERROR;
				CLANG_WARN_DOCUMENTATION_COMMENTS = YES;
				CLANG_WARN_EMPTY_BODY = YES;
				CLANG_WARN_ENUM_CONVERSION = YES;
				CLANG_WARN_INFINITE_RECURSION = YES;
				CLANG_WARN_INT_CONVERSION = YES;
				CLANG_WARN_NON_LITERAL_NULL_CONVERSION = YES;
				CLANG_WARN_OBJC_IMPLICIT_RETAIN_SELF = YES;
				CLANG_WARN_OBJC_LITERAL_CONVERSION = YES;
				CLANG_WARN_OBJC_ROOT_CLASS = YES_ERROR;
				CLANG_WARN_QUOTED_INCLUDE_IN_FRAMEWORK_HEADER = YES;
				CLANG_WARN_RANGE_LOOP_ANALYSIS = YES;
				CLANG_WARN_STRICT_PROTOTYPES = YES;
				CLANG_WARN_SUSPICIOUS_MOVE = YES;
				CLANG_WARN_UNGUARDED_AVAILABILITY = YES_AGGRESSIVE;
				CLANG_WARN_UNREACHABLE_CODE = YES;
				CLANG_WARN__DUPLICATE_METHOD_MATCH = YES;
				COPY_PHASE_STRIP = NO;
				DEBUG_INFORMATION_FORMAT = "dwarf-with-dsym";
				ENABLE_NS_ASSERTIONS = NO;
				ENABLE_STRICT_OBJC_MSGSEND = YES;
				GCC_C_LANGUAGE_STANDARD = gnu11;
				GCC_NO_COMMON_BLOCKS = YES;
				GCC_WARN_64_TO_32_BIT_CONVERSION = YES;
				GCC_WARN_ABOUT_RETURN_TYPE = YES_ERROR;
				GCC_WARN_UNDECLARED_SELECTOR = YES;
				GCC_WARN_UNINITIALIZED_AUTOS = YES_AGGRESSIVE;
				GCC_WARN_UNUSED_FUNCTION = YES;
				GCC_WARN_UNUSED_VARIABLE = YES;
				IPHONEOS_DEPLOYMENT_TARGET = 15.4;
				MTL_ENABLE_DEBUG_INFO = NO;
				MTL_FAST_MATH = YES;
				SDKROOT = iphoneos;
				SWIFT_COMPILATION_MODE = wholemodule;
				SWIFT_OPTIMIZATION_LEVEL = "-O";
				VALIDATE_PRODUCT = YES;
			};
			name = Release;
		};
		F9B3F853285DE8D500849332 /* Debug */ = {
			isa = XCBuildConfiguration;
			buildSettings = {
				ASSETCATALOG_COMPILER_APPICON_NAME = AppIcon;
				ASSETCATALOG_COMPILER_GLOBAL_ACCENT_COLOR_NAME = AccentColor;
				CODE_SIGN_STYLE = Automatic;
				CURRENT_PROJECT_VERSION = 1;
				DEVELOPMENT_TEAM = 366E85YRM7;
				GENERATE_INFOPLIST_FILE = YES;
				INFOPLIST_FILE = VIPER/Info.plist;
				INFOPLIST_KEY_UIApplicationSupportsIndirectInputEvents = YES;
				INFOPLIST_KEY_UILaunchStoryboardName = LaunchScreen;
				INFOPLIST_KEY_UIMainStoryboardFile = Main;
				INFOPLIST_KEY_UISupportedInterfaceOrientations_iPad = "UIInterfaceOrientationPortrait UIInterfaceOrientationPortraitUpsideDown UIInterfaceOrientationLandscapeLeft UIInterfaceOrientationLandscapeRight";
				INFOPLIST_KEY_UISupportedInterfaceOrientations_iPhone = "UIInterfaceOrientationPortrait UIInterfaceOrientationLandscapeLeft UIInterfaceOrientationLandscapeRight";
				LD_RUNPATH_SEARCH_PATHS = (
					"$(inherited)",
					"@executable_path/Frameworks",
				);
				MARKETING_VERSION = 1.0;
				PRODUCT_BUNDLE_IDENTIFIER = com.Pratik.VIPER;
				PRODUCT_NAME = "$(TARGET_NAME)";
				SWIFT_EMIT_LOC_STRINGS = YES;
				SWIFT_VERSION = 5.0;
				TARGETED_DEVICE_FAMILY = "1,2";
			};
			name = Debug;
		};
		F9B3F854285DE8D500849332 /* Release */ = {
			isa = XCBuildConfiguration;
			buildSettings = {
				ASSETCATALOG_COMPILER_APPICON_NAME = AppIcon;
				ASSETCATALOG_COMPILER_GLOBAL_ACCENT_COLOR_NAME = AccentColor;
				CODE_SIGN_STYLE = Automatic;
				CURRENT_PROJECT_VERSION = 1;
				DEVELOPMENT_TEAM = 366E85YRM7;
				GENERATE_INFOPLIST_FILE = YES;
				INFOPLIST_FILE = VIPER/Info.plist;
				INFOPLIST_KEY_UIApplicationSupportsIndirectInputEvents = YES;
				INFOPLIST_KEY_UILaunchStoryboardName = LaunchScreen;
				INFOPLIST_KEY_UIMainStoryboardFile = Main;
				INFOPLIST_KEY_UISupportedInterfaceOrientations_iPad = "UIInterfaceOrientationPortrait UIInterfaceOrientationPortraitUpsideDown UIInterfaceOrientationLandscapeLeft UIInterfaceOrientationLandscapeRight";
				INFOPLIST_KEY_UISupportedInterfaceOrientations_iPhone = "UIInterfaceOrientationPortrait UIInterfaceOrientationLandscapeLeft UIInterfaceOrientationLandscapeRight";
				LD_RUNPATH_SEARCH_PATHS = (
					"$(inherited)",
					"@executable_path/Frameworks",
				);
				MARKETING_VERSION = 1.0;
				PRODUCT_BUNDLE_IDENTIFIER = com.Pratik.VIPER;
				PRODUCT_NAME = "$(TARGET_NAME)";
				SWIFT_EMIT_LOC_STRINGS = YES;
				SWIFT_VERSION = 5.0;
				TARGETED_DEVICE_FAMILY = "1,2";
			};
			name = Release;
		};
/* End XCBuildConfiguration section */

/* Begin XCConfigurationList section */
		F9B3F839285DE8D400849332 /* Build configuration list for PBXProject "VIPER" */ = {
			isa = XCConfigurationList;
			buildConfigurations = (
				F9B3F850285DE8D500849332 /* Debug */,
				F9B3F851285DE8D500849332 /* Release */,
			);
			defaultConfigurationIsVisible = 0;
			defaultConfigurationName = Release;
		};
		F9B3F852285DE8D500849332 /* Build configuration list for PBXNativeTarget "VIPER" */ = {
			isa = XCConfigurationList;
			buildConfigurations = (
				F9B3F853285DE8D500849332 /* Debug */,
				F9B3F854285DE8D500849332 /* Release */,
			);
			defaultConfigurationIsVisible = 0;
			defaultConfigurationName = Release;
		};
/* End XCConfigurationList section */

/* Begin XCRemoteSwiftPackageReference section */
		F9BA5DB9285F49B7002DF10A /* XCRemoteSwiftPackageReference "Kingfisher" */ = {
			isa = XCRemoteSwiftPackageReference;
			repositoryURL = "https://github.com/onevcat/Kingfisher.git";
			requirement = {
				kind = upToNextMajorVersion;
				minimumVersion = 7.0.0;
			};
		};
/* End XCRemoteSwiftPackageReference section */

/* Begin XCSwiftPackageProductDependency section */
		F9BA5DBA285F49B7002DF10A /* Kingfisher */ = {
			isa = XCSwiftPackageProductDependency;
			package = F9BA5DB9285F49B7002DF10A /* XCRemoteSwiftPackageReference "Kingfisher" */;
			productName = Kingfisher;
		};
/* End XCSwiftPackageProductDependency section */
	};
	rootObject = F9B3F836285DE8D400849332 /* Project object */;
}
